
Microsoft Visual Studio Solution File, Format Version 12.00
# Visual Studio Version 16
VisualStudioVersion = 16.0.31624.102
MinimumVisualStudioVersion = 10.0.40219.1
Project("{FAE04EC0-301F-11D3-BF4B-00C04F79EFBC}") = "ShellApp.Android", "ShellApp.Android\ShellApp.Android.csproj", "{85FA360D-DD86-4A0E-80E8-863245A24682}"
EndProject
Project("{FAE04EC0-301F-11D3-BF4B-00C04F79EFBC}") = "ShellApp", "ShellApp\ShellApp.csproj", "{7B5D6065-34A7-4B2B-A5E3-F96EDD40F155}"
EndProject
Global
	GlobalSection(SolutionConfigurationPlatforms) = preSolution
		Debug|Any CPU = Debug|Any CPU
		Release|Any CPU = Release|Any CPU
	EndGlobalSection
	GlobalSection(ProjectConfigurationPlatforms) = postSolution
		{85FA360D-DD86-4A0E-80E8-863245A24682}.Debug|Any CPU.ActiveCfg = Debug|Any CPU
		{85FA360D-DD86-4A0E-80E8-863245A24682}.Debug|Any CPU.Build.0 = Debug|Any CPU
		{85FA360D-DD86-4A0E-80E8-863245A24682}.Debug|Any CPU.Deploy.0 = Debug|Any CPU
		{85FA360D-DD86-4A0E-80E8-863245A24682}.Release|Any CPU.ActiveCfg = Release|Any CPU
		{85FA360D-DD86-4A0E-80E8-863245A24682}.Release|Any CPU.Build.0 = Release|Any CPU
		{85FA360D-DD86-4A0E-80E8-863245A24682}.Release|Any CPU.Deploy.0 = Release|Any CPU
		{7B5D6065-34A7-4B2B-A5E3-F96EDD40F155}.Debug|Any CPU.ActiveCfg = Debug|Any CPU
		{7B5D6065-34A7-4B2B-A5E3-F96EDD40F155}.Debug|Any CPU.Build.0 = Debug|Any CPU
		{7B5D6065-34A7-4B2B-A5E3-F96EDD40F155}.Debug|Any CPU.Deploy.0 = Debug|Any CPU
		{7B5D6065-34A7-4B2B-A5E3-F96EDD40F155}.Release|Any CPU.ActiveCfg = Release|Any CPU
		{7B5D6065-34A7-4B2B-A5E3-F96EDD40F155}.Release|Any CPU.Build.0 = Release|Any CPU
		{7B5D6065-34A7-4B2B-A5E3-F96EDD40F155}.Release|Any CPU.Deploy.0 = Release|Any CPU
	EndGlobalSection
	GlobalSection(SolutionProperties) = preSolution
		HideSolutionNode = FALSE
	EndGlobalSection
	GlobalSection(ExtensibilityGlobals) = postSolution
		SolutionGuid = {C116CAC3-D044-4AC5-B9F7-D6AEFC00F13F}
	EndGlobalSection
EndGlobal
